// !$*UTF8*$!
{
	archiveVersion = 1;
	classes = {
	};
	objectVersion = 46;
	objects = {

/* Begin PBXBuildFile section */
		F183CF561A0F355600E02BBB /* AppDelegate.swift in Sources */ = {isa = PBXBuildFile; fileRef = F183CF551A0F355600E02BBB /* AppDelegate.swift */; };
		F183CF581A0F355600E02BBB /* ViewController.swift in Sources */ = {isa = PBXBuildFile; fileRef = F183CF571A0F355600E02BBB /* ViewController.swift */; };
		F183CF5B1A0F355600E02BBB /* Main.storyboard in Resources */ = {isa = PBXBuildFile; fileRef = F183CF591A0F355600E02BBB /* Main.storyboard */; };
		F183CF5D1A0F355600E02BBB /* Images.xcassets in Resources */ = {isa = PBXBuildFile; fileRef = F183CF5C1A0F355600E02BBB /* Images.xcassets */; };
		F183CF601A0F355600E02BBB /* LaunchScreen.xib in Resources */ = {isa = PBXBuildFile; fileRef = F183CF5E1A0F355600E02BBB /* LaunchScreen.xib */; };
		F183CF6C1A0F355600E02BBB /* FunFactsTests.swift in Sources */ = {isa = PBXBuildFile; fileRef = F183CF6B1A0F355600E02BBB /* FunFactsTests.swift */; };
		F183CF7B1A0F499F00E02BBB /* FactBook.swift in Sources */ = {isa = PBXBuildFile; fileRef = F183CF7A1A0F499F00E02BBB /* FactBook.swift */; };
		F183CF7D1A0F5AD300E02BBB /* ColorWheel.swift in Sources */ = {isa = PBXBuildFile; fileRef = F183CF7C1A0F5AD300E02BBB /* ColorWheel.swift */; };
/* End PBXBuildFile section */

/* Begin PBXContainerItemProxy section */
		F183CF661A0F355600E02BBB /* PBXContainerItemProxy */ = {
			isa = PBXContainerItemProxy;
			containerPortal = F183CF481A0F355600E02BBB /* Project object */;
			proxyType = 1;
			remoteGlobalIDString = F183CF4F1A0F355600E02BBB;
			remoteInfo = FunFacts;
		};
/* End PBXContainerItemProxy section */

/* Begin PBXFileReference section */
		F183CF501A0F355600E02BBB /* FunFacts.app */ = {isa = PBXFileReference; explicitFileType = wrapper.application; includeInIndex = 0; path = FunFacts.app; sourceTree = BUILT_PRODUCTS_DIR; };
		F183CF541A0F355600E02BBB /* Info.plist */ = {isa = PBXFileReference; lastKnownFileType = text.plist.xml; path = Info.plist; sourceTree = "<group>"; };
		F183CF551A0F355600E02BBB /* AppDelegate.swift */ = {isa = PBXFileReference; lastKnownFileType = sourcecode.swift; path = AppDelegate.swift; sourceTree = "<group>"; };
		F183CF571A0F355600E02BBB /* ViewController.swift */ = {isa = PBXFileReference; lastKnownFileType = sourcecode.swift; path = ViewController.swift; sourceTree = "<group>"; };
		F183CF5A1A0F355600E02BBB /* Base */ = {isa = PBXFileReference; lastKnownFileType = file.storyboard; name = Base; path = Base.lproj/Main.storyboard; sourceTree = "<group>"; };
		F183CF5C1A0F355600E02BBB /* Images.xcassets */ = {isa = PBXFileReference; lastKnownFileType = folder.assetcatalog; path = Images.xcassets; sourceTree = "<group>"; };
		F183CF5F1A0F355600E02BBB /* Base */ = {isa = PBXFileReference; lastKnownFileType = file.xib; name = Base; path = Base.lproj/LaunchScreen.xib; sourceTree = "<group>"; };
		F183CF651A0F355600E02BBB /* FunFactsTests.xctest */ = {isa = PBXFileReference; explicitFileType = wrapper.cfbundle; includeInIndex = 0; path = FunFactsTests.xctest; sourceTree = BUILT_PRODUCTS_DIR; };
		F183CF6A1A0F355600E02BBB /* Info.plist */ = {isa = PBXFileReference; lastKnownFileType = text.plist.xml; path = Info.plist; sourceTree = "<group>"; };
		F183CF6B1A0F355600E02BBB /* FunFactsTests.swift */ = {isa = PBXFileReference; lastKnownFileType = sourcecode.swift; path = FunFactsTests.swift; sourceTree = "<group>"; };
		F183CF751A0F385600E02BBB /* ScratchPad.playground */ = {isa = PBXFileReference; lastKnownFileType = file.playground; path = ScratchPad.playground; sourceTree = "<group>"; };
		F183CF7A1A0F499F00E02BBB /* FactBook.swift */ = {isa = PBXFileReference; fileEncoding = 4; lastKnownFileType = sourcecode.swift; path = FactBook.swift; sourceTree = "<group>"; };
		F183CF7C1A0F5AD300E02BBB /* ColorWheel.swift */ = {isa = PBXFileReference; fileEncoding = 4; lastKnownFileType = sourcecode.swift; path = ColorWheel.swift; sourceTree = "<group>"; };
/* End PBXFileReference section */

/* Begin PBXFrameworksBuildPhase section */
		F183CF4D1A0F355600E02BBB /* Frameworks */ = {
			isa = PBXFrameworksBuildPhase;
			buildActionMask = 2147483647;
			files = (
			);
			runOnlyForDeploymentPostprocessing = 0;
		};
		F183CF621A0F355600E02BBB /* Frameworks */ = {
			isa = PBXFrameworksBuildPhase;
			buildActionMask = 2147483647;
			files = (
			);
			runOnlyForDeploymentPostprocessing = 0;
		};
/* End PBXFrameworksBuildPhase section */

/* Begin PBXGroup section */
		F183CF471A0F355600E02BBB = {
			isa = PBXGroup;
			children = (
				F183CF761A0F386800E02BBB /* PlayGround */,
				F183CF521A0F355600E02BBB /* FunFacts */,
				F183CF681A0F355600E02BBB /* FunFactsTests */,
				F183CF511A0F355600E02BBB /* Products */,
			);
			sourceTree = "<group>";
		};
		F183CF511A0F355600E02BBB /* Products */ = {
			isa = PBXGroup;
			children = (
				F183CF501A0F355600E02BBB /* FunFacts.app */,
				F183CF651A0F355600E02BBB /* FunFactsTests.xctest */,
			);
			name = Products;
			sourceTree = "<group>";
		};
		F183CF521A0F355600E02BBB /* FunFacts */ = {
			isa = PBXGroup;
			children = (
				F183CF551A0F355600E02BBB /* AppDelegate.swift */,
				F183CF7A1A0F499F00E02BBB /* FactBook.swift */,
				F183CF571A0F355600E02BBB /* ViewController.swift */,
				F183CF591A0F355600E02BBB /* Main.storyboard */,
				F183CF5C1A0F355600E02BBB /* Images.xcassets */,
				F183CF5E1A0F355600E02BBB /* LaunchScreen.xib */,
				F183CF531A0F355600E02BBB /* Supporting Files */,
				F183CF7C1A0F5AD300E02BBB /* ColorWheel.swift */,
			);
			path = FunFacts;
			sourceTree = "<group>";
		};
		F183CF531A0F355600E02BBB /* Supporting Files */ = {
			isa = PBXGroup;
			children = (
				F183CF541A0F355600E02BBB /* Info.plist */,
			);
			name = "Supporting Files";
			sourceTree = "<group>";
		};
		F183CF681A0F355600E02BBB /* FunFactsTests */ = {
			isa = PBXGroup;
			children = (
				F183CF6B1A0F355600E02BBB /* FunFactsTests.swift */,
				F183CF691A0F355600E02BBB /* Supporting Files */,
			);
			path = FunFactsTests;
			sourceTree = "<group>";
		};
		F183CF691A0F355600E02BBB /* Supporting Files */ = {
			isa = PBXGroup;
			children = (
				F183CF6A1A0F355600E02BBB /* Info.plist */,
			);
			name = "Supporting Files";
			sourceTree = "<group>";
		};
		F183CF761A0F386800E02BBB /* PlayGround */ = {
			isa = PBXGroup;
			children = (
				F183CF751A0F385600E02BBB /* ScratchPad.playground */,
			);
			name = PlayGround;
			sourceTree = "<group>";
		};
/* End PBXGroup section */

/* Begin PBXNativeTarget section */
		F183CF4F1A0F355600E02BBB /* FunFacts */ = {
			isa = PBXNativeTarget;
			buildConfigurationList = F183CF6F1A0F355600E02BBB /* Build configuration list for PBXNativeTarget "FunFacts" */;
			buildPhases = (
				F183CF4C1A0F355600E02BBB /* Sources */,
				F183CF4D1A0F355600E02BBB /* Frameworks */,
				F183CF4E1A0F355600E02BBB /* Resources */,
			);
			buildRules = (
			);
			dependencies = (
			);
			name = FunFacts;
			productName = FunFacts;
			productReference = F183CF501A0F355600E02BBB /* FunFacts.app */;
			productType = "com.apple.product-type.application";
		};
		F183CF641A0F355600E02BBB /* FunFactsTests */ = {
			isa = PBXNativeTarget;
			buildConfigurationList = F183CF721A0F355600E02BBB /* Build configuration list for PBXNativeTarget "FunFactsTests" */;
			buildPhases = (
				F183CF611A0F355600E02BBB /* Sources */,
				F183CF621A0F355600E02BBB /* Frameworks */,
				F183CF631A0F355600E02BBB /* Resources */,
			);
			buildRules = (
			);
			dependencies = (
				F183CF671A0F355600E02BBB /* PBXTargetDependency */,
			);
			name = FunFactsTests;
			productName = FunFactsTests;
			productReference = F183CF651A0F355600E02BBB /* FunFactsTests.xctest */;
			productType = "com.apple.product-type.bundle.unit-test";
		};
/* End PBXNativeTarget section */

/* Begin PBXProject section */
		F183CF481A0F355600E02BBB /* Project object */ = {
			isa = PBXProject;
			attributes = {
				LastUpgradeCheck = 0610;
				ORGANIZATIONNAME = "Edwin Capel";
				TargetAttributes = {
					F183CF4F1A0F355600E02BBB = {
						CreatedOnToolsVersion = 6.1;
					};
					F183CF641A0F355600E02BBB = {
						CreatedOnToolsVersion = 6.1;
						TestTargetID = F183CF4F1A0F355600E02BBB;
					};
				};
			};
			buildConfigurationList = F183CF4B1A0F355600E02BBB /* Build configuration list for PBXProject "FunFacts" */;
			compatibilityVersion = "Xcode 3.2";
			developmentRegion = English;
			hasScannedForEncodings = 0;
			knownRegions = (
				en,
				Base,
			);
			mainGroup = F183CF471A0F355600E02BBB;
			productRefGroup = F183CF511A0F355600E02BBB /* Products */;
			projectDirPath = "";
			projectRoot = "";
			targets = (
				F183CF4F1A0F355600E02BBB /* FunFacts */,
				F183CF641A0F355600E02BBB /* FunFactsTests */,
			);
		};
/* End PBXProject section */

/* Begin PBXResourcesBuildPhase section */
		F183CF4E1A0F355600E02BBB /* Resources */ = {
			isa = PBXResourcesBuildPhase;
			buildActionMask = 2147483647;
			files = (
				F183CF5B1A0F355600E02BBB /* Main.storyboard in Resources */,
				F183CF601A0F355600E02BBB /* LaunchScreen.xib in Resources */,
				F183CF5D1A0F355600E02BBB /* Images.xcassets in Resources */,
			);
			runOnlyForDeploymentPostprocessing = 0;
		};
		F183CF631A0F355600E02BBB /* Resources */ = {
			isa = PBXResourcesBuildPhase;
			buildActionMask = 2147483647;
			files = (
			);
			runOnlyForDeploymentPostprocessing = 0;
		};
/* End PBXResourcesBuildPhase section */

/* Begin PBXSourcesBuildPhase section */
		F183CF4C1A0F355600E02BBB /* Sources */ = {
			isa = PBXSourcesBuildPhase;
			buildActionMask = 2147483647;
			files = (
				F183CF7B1A0F499F00E02BBB /* FactBook.swift in Sources */,
				F183CF581A0F355600E02BBB /* ViewController.swift in Sources */,
				F183CF561A0F355600E02BBB /* AppDelegate.swift in Sources */,
				F183CF7D1A0F5AD300E02BBB /* ColorWheel.swift in Sources */,
			);
			runOnlyForDeploymentPostprocessing = 0;
		};
		F183CF611A0F355600E02BBB /* Sources */ = {
			isa = PBXSourcesBuildPhase;
			buildActionMask = 2147483647;
			files = (
				F183CF6C1A0F355600E02BBB /* FunFactsTests.swift in Sources */,
			);
			runOnlyForDeploymentPostprocessing = 0;
		};
/* End PBXSourcesBuildPhase section */

/* Begin PBXTargetDependency section */
		F183CF671A0F355600E02BBB /* PBXTargetDependency */ = {
			isa = PBXTargetDependency;
			target = F183CF4F1A0F355600E02BBB /* FunFacts */;
			targetProxy = F183CF661A0F355600E02BBB /* PBXContainerItemProxy */;
		};
/* End PBXTargetDependency section */

/* Begin PBXVariantGroup section */
		F183CF591A0F355600E02BBB /* Main.storyboard */ = {
			isa = PBXVariantGroup;
			children = (
				F183CF5A1A0F355600E02BBB /* Base */,
			);
			name = Main.storyboard;
			sourceTree = "<group>";
		};
		F183CF5E1A0F355600E02BBB /* LaunchScreen.xib */ = {
			isa = PBXVariantGroup;
			children = (
				F183CF5F1A0F355600E02BBB /* Base */,
			);
			name = LaunchScreen.xib;
			sourceTree = "<group>";
		};
/* End PBXVariantGroup section */

/* Begin XCBuildConfiguration section */
		F183CF6D1A0F355600E02BBB /* Debug */ = {
			isa = XCBuildConfiguration;
			buildSettings = {
				ALWAYS_SEARCH_USER_PATHS = NO;
				CLANG_CXX_LANGUAGE_STANDARD = "gnu++0x";
				CLANG_CXX_LIBRARY = "libc++";
				CLANG_ENABLE_MODULES = YES;
				CLANG_ENABLE_OBJC_ARC = YES;
				CLANG_WARN_BOOL_CONVERSION = YES;
				CLANG_WARN_CONSTANT_CONVERSION = YES;
				CLANG_WARN_DIRECT_OBJC_ISA_USAGE = YES_ERROR;
				CLANG_WARN_EMPTY_BODY = YES;
				CLANG_WARN_ENUM_CONVERSION = YES;
				CLANG_WARN_INT_CONVERSION = YES;
				CLANG_WARN_OBJC_ROOT_CLASS = YES_ERROR;
				CLANG_WARN_UNREACHABLE_CODE = YES;
				CLANG_WARN__DUPLICATE_METHOD_MATCH = YES;
				"CODE_SIGN_IDENTITY[sdk=iphoneos*]" = "iPhone Developer";
				COPY_PHASE_STRIP = NO;
				ENABLE_STRICT_OBJC_MSGSEND = YES;
				GCC_C_LANGUAGE_STANDARD = gnu99;
				GCC_DYNAMIC_NO_PIC = NO;
				GCC_OPTIMIZATION_LEVEL = 0;
				GCC_PREPROCESSOR_DEFINITIONS = (
					"DEBUG=1",
					"$(inherited)",
				);
				GCC_SYMBOLS_PRIVATE_EXTERN = NO;
				GCC_WARN_64_TO_32_BIT_CONVERSION = YES;
				GCC_WARN_ABOUT_RETURN_TYPE = YES_ERROR;
				GCC_WARN_UNDECLARED_SELECTOR = YES;
				GCC_WARN_UNINITIALIZED_AUTOS = YES_AGGRESSIVE;
				GCC_WARN_UNUSED_FUNCTION = YES;
				GCC_WARN_UNUSED_VARIABLE = YES;
				IPHONEOS_DEPLOYMENT_TARGET = 8.1;
				MTL_ENABLE_DEBUG_INFO = YES;
				ONLY_ACTIVE_ARCH = YES;
				SDKROOT = iphoneos;
				SWIFT_OPTIMIZATION_LEVEL = "-Onone";
			};
			name = Debug;
		};
		F183CF6E1A0F355600E02BBB /* Release */ = {
			isa = XCBuildConfiguration;
			buildSettings = {
				ALWAYS_SEARCH_USER_PATHS = NO;
				CLANG_CXX_LANGUAGE_STANDARD = "gnu++0x";
				CLANG_CXX_LIBRARY = "libc++";
				CLANG_ENABLE_MODULES = YES;
				CLANG_ENABLE_OBJC_ARC = YES;
				CLANG_WARN_BOOL_CONVERSION = YES;
				CLANG_WARN_CONSTANT_CONVERSION = YES;
				CLANG_WARN_DIRECT_OBJC_ISA_USAGE = YES_ERROR;
				CLANG_WARN_EMPTY_BODY = YES;
				CLANG_WARN_ENUM_CONVERSION = YES;
				CLANG_WARN_INT_CONVERSION = YES;
				CLANG_WARN_OBJC_ROOT_CLASS = YES_ERROR;
				CLANG_WARN_UNREACHABLE_CODE = YES;
				CLANG_WARN__DUPLICATE_METHOD_MATCH = YES;
				"CODE_SIGN_IDENTITY[sdk=iphoneos*]" = "iPhone Developer";
				COPY_PHASE_STRIP = YES;
				ENABLE_NS_ASSERTIONS = NO;
				ENABLE_STRICT_OBJC_MSGSEND = YES;
				GCC_C_LANGUAGE_STANDARD = gnu99;
				GCC_WARN_64_TO_32_BIT_CONVERSION = YES;
				GCC_WARN_ABOUT_RETURN_TYPE = YES_ERROR;
				GCC_WARN_UNDECLARED_SELECTOR = YES;
				GCC_WARN_UNINITIALIZED_AUTOS = YES_AGGRESSIVE;
				GCC_WARN_UNUSED_FUNCTION = YES;
				GCC_WARN_UNUSED_VARIABLE = YES;
				IPHONEOS_DEPLOYMENT_TARGET = 8.1;
				MTL_ENABLE_DEBUG_INFO = NO;
				SDKROOT = iphoneos;
				VALIDATE_PRODUCT = YES;
			};
			name = Release;
		};
		F183CF701A0F355600E02BBB /* Debug */ = {
			isa = XCBuildConfiguration;
			buildSettings = {
				ASSETCATALOG_COMPILER_APPICON_NAME = AppIcon;
				INFOPLIST_FILE = FunFacts/Info.plist;
				LD_RUNPATH_SEARCH_PATHS = "$(inherited) @executable_path/Frameworks";
				PRODUCT_NAME = "$(TARGET_NAME)";
			};
			name = Debug;
		};
		F183CF711A0F355600E02BBB /* Release */ = {
			isa = XCBuildConfiguration;
			buildSettings = {
				ASSETCATALOG_COMPILER_APPICON_NAME = AppIcon;
				INFOPLIST_FILE = FunFacts/Info.plist;
				LD_RUNPATH_SEARCH_PATHS = "$(inherited) @executable_path/Frameworks";
				PRODUCT_NAME = "$(TARGET_NAME)";
			};
			name = Release;
		};
		F183CF731A0F355600E02BBB /* Debug */ = {
			isa = XCBuildConfiguration;
			buildSettings = {
				BUNDLE_LOADER = "$(TEST_HOST)";
				FRAMEWORK_SEARCH_PATHS = (
					"$(SDKROOT)/Developer/Library/Frameworks",
					"$(inherited)",
				);
				GCC_PREPROCESSOR_DEFINITIONS = (
					"DEBUG=1",
					"$(inherited)",
				);
				INFOPLIST_FILE = FunFactsTests/Info.plist;
				LD_RUNPATH_SEARCH_PATHS = "$(inherited) @executable_path/Frameworks @loader_path/Frameworks";
				PRODUCT_NAME = "$(TARGET_NAME)";
				TEST_HOST = "$(BUILT_PRODUCTS_DIR)/FunFacts.app/FunFacts";
			};
			name = Debug;
		};
		F183CF741A0F355600E02BBB /* Release */ = {
			isa = XCBuildConfiguration;
			buildSettings = {
				BUNDLE_LOADER = "$(TEST_HOST)";
				FRAMEWORK_SEARCH_PATHS = (
					"$(SDKROOT)/Developer/Library/Frameworks",
					"$(inherited)",
				);
				INFOPLIST_FILE = FunFactsTests/Info.plist;
				LD_RUNPATH_SEARCH_PATHS = "$(inherited) @executable_path/Frameworks @loader_path/Frameworks";
				PRODUCT_NAME = "$(TARGET_NAME)";
				TEST_HOST = "$(BUILT_PRODUCTS_DIR)/FunFacts.app/FunFacts";
			};
			name = Release;
		};
/* End XCBuildConfiguration section */

/* Begin XCConfigurationList section */
		F183CF4B1A0F355600E02BBB /* Build configuration list for PBXProject "FunFacts" */ = {
			isa = XCConfigurationList;
			buildConfigurations = (
				F183CF6D1A0F355600E02BBB /* Debug */,
				F183CF6E1A0F355600E02BBB /* Release */,
			);
			defaultConfigurationIsVisible = 0;
			defaultConfigurationName = Release;
		};
		F183CF6F1A0F355600E02BBB /* Build configuration list for PBXNativeTarget "FunFacts" */ = {
			isa = XCConfigurationList;
			buildConfigurations = (
				F183CF701A0F355600E02BBB /* Debug */,
				F183CF711A0F355600E02BBB /* Release */,
			);
			defaultConfigurationIsVisible = 0;
		};
		F183CF721A0F355600E02BBB /* Build configuration list for PBXNativeTarget "FunFactsTests" */ = {
			isa = XCConfigurationList;
			buildConfigurations = (
				F183CF731A0F355600E02BBB /* Debug */,
				F183CF741A0F355600E02BBB /* Release */,
			);
			defaultConfigurationIsVisible = 0;
		};
/* End XCConfigurationList section */
	};
	rootObject = F183CF481A0F355600E02BBB /* Project object */;
}
